
Microsoft Visual Studio Solution File, Format Version 12.00
# Visual Studio 15
VisualStudioVersion = 15.0.34112.143
MinimumVisualStudioVersion = 10.0.40219.1
Project("{8BC9CEB8-8B4A-11D0-8D11-00A0C91BC942}") = "P5", "P5\P5.vcxproj", "{EF802F8E-E974-47F1-94D9-CECC696C7097}"
EndProject
Global
	GlobalSection(SolutionConfigurationPlatforms) = preSolution
		Debug|x64 = Debug|x64
		Debug|x86 = Debug|x86
		Release|x64 = Release|x64
		Release|x86 = Release|x86
	EndGlobalSection
	GlobalSection(ProjectConfigurationPlatforms) = postSolution
		{EF802F8E-E974-47F1-94D9-CECC696C7097}.Debug|x64.ActiveCfg = Debug|x64
		{EF802F8E-E974-47F1-94D9-CECC696C7097}.Debug|x64.Build.0 = Debug|x64
		{EF802F8E-E974-47F1-94D9-CECC696C7097}.Debug|x86.ActiveCfg = Debug|Win32
		{EF802F8E-E974-47F1-94D9-CECC696C7097}.Debug|x86.Build.0 = Debug|Win32
		{EF802F8E-E974-47F1-94D9-CECC696C7097}.Release|x64.ActiveCfg = Release|x64
		{EF802F8E-E974-47F1-94D9-CECC696C7097}.Release|x64.Build.0 = Release|x64
		{EF802F8E-E974-47F1-94D9-CECC696C7097}.Release|x86.ActiveCfg = Release|Win32
		{EF802F8E-E974-47F1-94D9-CECC696C7097}.Release|x86.Build.0 = Release|Win32
	EndGlobalSection
	GlobalSection(SolutionProperties) = preSolution
		HideSolutionNode = FALSE
	EndGlobalSection
	GlobalSection(ExtensibilityGlobals) = postSolution
		SolutionGuid = {1D48254D-E5CE-444D-A3F5-65E26E716A1C}
	EndGlobalSection
EndGlobal
